
Microsoft Visual Studio Solution File, Format Version 12.00
# Visual Studio Version 17
VisualStudioVersion = 17.14.36414.22 d17.14
MinimumVisualStudioVersion = 10.0.40219.1
Project("{FAE04EC0-301F-11D3-BF4B-00C04F79EFBC}") = "Session01", "Session01.csproj", "{E38566ED-9CD4-4402-BB27-AD47E1D7000F}"
EndProject
Global
	GlobalSection(SolutionConfigurationPlatforms) = preSolution
		Debug|Any CPU = Debug|Any CPU
		Release|Any CPU = Release|Any CPU
	EndGlobalSection
	GlobalSection(ProjectConfigurationPlatforms) = postSolution
		{E38566ED-9CD4-4402-BB27-AD47E1D7000F}.Debug|Any CPU.ActiveCfg = Debug|Any CPU
		{E38566ED-9CD4-4402-BB27-AD47E1D7000F}.Debug|Any CPU.Build.0 = Debug|Any CPU
		{E38566ED-9CD4-4402-BB27-AD47E1D7000F}.Release|Any CPU.ActiveCfg = Release|Any CPU
		{E38566ED-9CD4-4402-BB27-AD47E1D7000F}.Release|Any CPU.Build.0 = Release|Any CPU
	EndGlobalSection
	GlobalSection(SolutionProperties) = preSolution
		HideSolutionNode = FALSE
	EndGlobalSection
	GlobalSection(ExtensibilityGlobals) = postSolution
		SolutionGuid = {539BF5F4-8966-47AE-881C-593971900BFE}
	EndGlobalSection
EndGlobal
